
Microsoft Visual Studio Solution File, Format Version 12.00
# Visual Studio Version 16
VisualStudioVersion = 16.0.31424.327
MinimumVisualStudioVersion = 10.0.40219.1
Project("{FAE04EC0-301F-11D3-BF4B-00C04F79EFBC}") = "trail", "trail.csproj", "{19620913-EE3A-4CB7-8A4A-F99BE916CC25}"
EndProject
Global
	GlobalSection(SolutionConfigurationPlatforms) = preSolution
		Debug|Any CPU = Debug|Any CPU
		Release|Any CPU = Release|Any CPU
	EndGlobalSection
	GlobalSection(ProjectConfigurationPlatforms) = postSolution
		{19620913-EE3A-4CB7-8A4A-F99BE916CC25}.Debug|Any CPU.ActiveCfg = Debug|Any CPU
		{19620913-EE3A-4CB7-8A4A-F99BE916CC25}.Debug|Any CPU.Build.0 = Debug|Any CPU
		{19620913-EE3A-4CB7-8A4A-F99BE916CC25}.Release|Any CPU.ActiveCfg = Release|Any CPU
		{19620913-EE3A-4CB7-8A4A-F99BE916CC25}.Release|Any CPU.Build.0 = Release|Any CPU
	EndGlobalSection
	GlobalSection(SolutionProperties) = preSolution
		HideSolutionNode = FALSE
	EndGlobalSection
	GlobalSection(ExtensibilityGlobals) = postSolution
		SolutionGuid = {A7DA1714-B960-4DCA-BF11-E6A4F7778653}
	EndGlobalSection
EndGlobal
